
Microsoft Visual Studio Solution File, Format Version 12.00
# Visual Studio Version 17
VisualStudioVersion = 17.0.32112.339
MinimumVisualStudioVersion = 10.0.40219.1
Project("{9A19103F-16F7-4668-BE54-9A1E7A4F7556}") = "ConduitServer", "ConduitServer\ConduitServer.csproj", "{6241318B-D898-4D36-83D1-3DBC8FB6F776}"
EndProject
Project("{9A19103F-16F7-4668-BE54-9A1E7A4F7556}") = "fNbt", "fNbt\fNbt.csproj", "{CA9CFE08-37B6-4D18-AB44-415D69A4A480}"
EndProject
Global
	GlobalSection(SolutionConfigurationPlatforms) = preSolution
		Debug|Any CPU = Debug|Any CPU
		Release|Any CPU = Release|Any CPU
	EndGlobalSection
	GlobalSection(ProjectConfigurationPlatforms) = postSolution
		{6241318B-D898-4D36-83D1-3DBC8FB6F776}.Debug|Any CPU.ActiveCfg = Debug|Any CPU
		{6241318B-D898-4D36-83D1-3DBC8FB6F776}.Debug|Any CPU.Build.0 = Debug|Any CPU
		{6241318B-D898-4D36-83D1-3DBC8FB6F776}.Release|Any CPU.ActiveCfg = Release|Any CPU
		{6241318B-D898-4D36-83D1-3DBC8FB6F776}.Release|Any CPU.Build.0 = Release|Any CPU
		{CA9CFE08-37B6-4D18-AB44-415D69A4A480}.Debug|Any CPU.ActiveCfg = Debug|Any CPU
		{CA9CFE08-37B6-4D18-AB44-415D69A4A480}.Debug|Any CPU.Build.0 = Debug|Any CPU
		{CA9CFE08-37B6-4D18-AB44-415D69A4A480}.Release|Any CPU.ActiveCfg = Release|Any CPU
		{CA9CFE08-37B6-4D18-AB44-415D69A4A480}.Release|Any CPU.Build.0 = Release|Any CPU
	EndGlobalSection
	GlobalSection(SolutionProperties) = preSolution
		HideSolutionNode = FALSE
	EndGlobalSection
	GlobalSection(ExtensibilityGlobals) = postSolution
		SolutionGuid = {BDB28755-0A9F-4F04-98C3-20B568E39BCA}
	EndGlobalSection
EndGlobal
