
Microsoft Visual Studio Solution File, Format Version 12.00
# Visual Studio Version 17
VisualStudioVersion = 17.0.32112.339
MinimumVisualStudioVersion = 10.0.40219.1
Project("{9A19103F-16F7-4668-BE54-9A1E7A4F7556}") = "ConduitServer", "ConduitServer\ConduitServer.csproj", "{6241318B-D898-4D36-83D1-3DBC8FB6F776}"
EndProject
Project("{9A19103F-16F7-4668-BE54-9A1E7A4F7556}") = "fNbt", "fNbt\fNbt.csproj", "{CA9CFE08-37B6-4D18-AB44-415D69A4A480}"
EndProject
Project("{9A19103F-16F7-4668-BE54-9A1E7A4F7556}") = "ConduitNet", "ConduitNet\ConduitNet.csproj", "{3DFF806E-B5BD-4163-B0A8-DB41FEBE24A8}"
EndProject
Project("{9A19103F-16F7-4668-BE54-9A1E7A4F7556}") = "ConduitClient", "ConduitClient\ConduitClient.csproj", "{D48C8719-5AEE-4729-8BEE-8A003609A542}"
EndProject
Global
	GlobalSection(SolutionConfigurationPlatforms) = preSolution
		Debug|Any CPU = Debug|Any CPU
		Debug|ARM64 = Debug|ARM64
		Debug|x64 = Debug|x64
		Release|Any CPU = Release|Any CPU
		Release|ARM64 = Release|ARM64
		Release|x64 = Release|x64
	EndGlobalSection
	GlobalSection(ProjectConfigurationPlatforms) = postSolution
		{6241318B-D898-4D36-83D1-3DBC8FB6F776}.Debug|Any CPU.ActiveCfg = Debug|Any CPU
		{6241318B-D898-4D36-83D1-3DBC8FB6F776}.Debug|Any CPU.Build.0 = Debug|Any CPU
		{6241318B-D898-4D36-83D1-3DBC8FB6F776}.Debug|ARM64.ActiveCfg = Debug|Any CPU
		{6241318B-D898-4D36-83D1-3DBC8FB6F776}.Debug|ARM64.Build.0 = Debug|Any CPU
		{6241318B-D898-4D36-83D1-3DBC8FB6F776}.Debug|x64.ActiveCfg = Debug|Any CPU
		{6241318B-D898-4D36-83D1-3DBC8FB6F776}.Debug|x64.Build.0 = Debug|Any CPU
		{6241318B-D898-4D36-83D1-3DBC8FB6F776}.Release|Any CPU.ActiveCfg = Release|Any CPU
		{6241318B-D898-4D36-83D1-3DBC8FB6F776}.Release|Any CPU.Build.0 = Release|Any CPU
		{6241318B-D898-4D36-83D1-3DBC8FB6F776}.Release|ARM64.ActiveCfg = Release|ARM64
		{6241318B-D898-4D36-83D1-3DBC8FB6F776}.Release|ARM64.Build.0 = Release|ARM64
		{6241318B-D898-4D36-83D1-3DBC8FB6F776}.Release|x64.ActiveCfg = Release|x64
		{6241318B-D898-4D36-83D1-3DBC8FB6F776}.Release|x64.Build.0 = Release|x64
		{CA9CFE08-37B6-4D18-AB44-415D69A4A480}.Debug|Any CPU.ActiveCfg = Debug|Any CPU
		{CA9CFE08-37B6-4D18-AB44-415D69A4A480}.Debug|Any CPU.Build.0 = Debug|Any CPU
		{CA9CFE08-37B6-4D18-AB44-415D69A4A480}.Debug|ARM64.ActiveCfg = Debug|Any CPU
		{CA9CFE08-37B6-4D18-AB44-415D69A4A480}.Debug|ARM64.Build.0 = Debug|Any CPU
		{CA9CFE08-37B6-4D18-AB44-415D69A4A480}.Debug|x64.ActiveCfg = Debug|Any CPU
		{CA9CFE08-37B6-4D18-AB44-415D69A4A480}.Debug|x64.Build.0 = Debug|Any CPU
		{CA9CFE08-37B6-4D18-AB44-415D69A4A480}.Release|Any CPU.ActiveCfg = Release|Any CPU
		{CA9CFE08-37B6-4D18-AB44-415D69A4A480}.Release|Any CPU.Build.0 = Release|Any CPU
		{CA9CFE08-37B6-4D18-AB44-415D69A4A480}.Release|ARM64.ActiveCfg = Release|ARM64
		{CA9CFE08-37B6-4D18-AB44-415D69A4A480}.Release|ARM64.Build.0 = Release|ARM64
		{CA9CFE08-37B6-4D18-AB44-415D69A4A480}.Release|x64.ActiveCfg = Release|x64
		{CA9CFE08-37B6-4D18-AB44-415D69A4A480}.Release|x64.Build.0 = Release|x64
		{3DFF806E-B5BD-4163-B0A8-DB41FEBE24A8}.Debug|Any CPU.ActiveCfg = Debug|Any CPU
		{3DFF806E-B5BD-4163-B0A8-DB41FEBE24A8}.Debug|Any CPU.Build.0 = Debug|Any CPU
		{3DFF806E-B5BD-4163-B0A8-DB41FEBE24A8}.Debug|ARM64.ActiveCfg = Debug|Any CPU
		{3DFF806E-B5BD-4163-B0A8-DB41FEBE24A8}.Debug|ARM64.Build.0 = Debug|Any CPU
		{3DFF806E-B5BD-4163-B0A8-DB41FEBE24A8}.Debug|x64.ActiveCfg = Debug|Any CPU
		{3DFF806E-B5BD-4163-B0A8-DB41FEBE24A8}.Debug|x64.Build.0 = Debug|Any CPU
		{3DFF806E-B5BD-4163-B0A8-DB41FEBE24A8}.Release|Any CPU.ActiveCfg = Release|Any CPU
		{3DFF806E-B5BD-4163-B0A8-DB41FEBE24A8}.Release|Any CPU.Build.0 = Release|Any CPU
		{3DFF806E-B5BD-4163-B0A8-DB41FEBE24A8}.Release|ARM64.ActiveCfg = Release|ARM64
		{3DFF806E-B5BD-4163-B0A8-DB41FEBE24A8}.Release|ARM64.Build.0 = Release|ARM64
		{3DFF806E-B5BD-4163-B0A8-DB41FEBE24A8}.Release|x64.ActiveCfg = Release|x64
		{3DFF806E-B5BD-4163-B0A8-DB41FEBE24A8}.Release|x64.Build.0 = Release|x64
		{D48C8719-5AEE-4729-8BEE-8A003609A542}.Debug|Any CPU.ActiveCfg = Debug|Any CPU
		{D48C8719-5AEE-4729-8BEE-8A003609A542}.Debug|Any CPU.Build.0 = Debug|Any CPU
		{D48C8719-5AEE-4729-8BEE-8A003609A542}.Debug|ARM64.ActiveCfg = Debug|ARM64
		{D48C8719-5AEE-4729-8BEE-8A003609A542}.Debug|ARM64.Build.0 = Debug|ARM64
		{D48C8719-5AEE-4729-8BEE-8A003609A542}.Debug|x64.ActiveCfg = Debug|x64
		{D48C8719-5AEE-4729-8BEE-8A003609A542}.Debug|x64.Build.0 = Debug|x64
		{D48C8719-5AEE-4729-8BEE-8A003609A542}.Release|Any CPU.ActiveCfg = Release|Any CPU
		{D48C8719-5AEE-4729-8BEE-8A003609A542}.Release|Any CPU.Build.0 = Release|Any CPU
		{D48C8719-5AEE-4729-8BEE-8A003609A542}.Release|ARM64.ActiveCfg = Release|ARM64
		{D48C8719-5AEE-4729-8BEE-8A003609A542}.Release|ARM64.Build.0 = Release|ARM64
		{D48C8719-5AEE-4729-8BEE-8A003609A542}.Release|x64.ActiveCfg = Release|x64
		{D48C8719-5AEE-4729-8BEE-8A003609A542}.Release|x64.Build.0 = Release|x64
	EndGlobalSection
	GlobalSection(SolutionProperties) = preSolution
		HideSolutionNode = FALSE
	EndGlobalSection
	GlobalSection(ExtensibilityGlobals) = postSolution
		SolutionGuid = {BDB28755-0A9F-4F04-98C3-20B568E39BCA}
	EndGlobalSection
EndGlobal
